// !$*UTF8*$!
{
	archiveVersion = 1;
	classes = {
	};
	objectVersion = 55;
	objects = {

/* Begin PBXBuildFile section */
		DFB8D8DC28D485F900950D59 /* AppDelegate.swift in Sources */ = {isa = PBXBuildFile; fileRef = DFB8D8DB28D485F900950D59 /* AppDelegate.swift */; };
		DFB8D8DE28D485F900950D59 /* SceneDelegate.swift in Sources */ = {isa = PBXBuildFile; fileRef = DFB8D8DD28D485F900950D59 /* SceneDelegate.swift */; };
		DFB8D8E028D485F900950D59 /* ViewController.swift in Sources */ = {isa = PBXBuildFile; fileRef = DFB8D8DF28D485F900950D59 /* ViewController.swift */; };
		DFB8D8E328D485F900950D59 /* Main.storyboard in Resources */ = {isa = PBXBuildFile; fileRef = DFB8D8E128D485F900950D59 /* Main.storyboard */; };
		DFB8D8E528D485FA00950D59 /* Assets.xcassets in Resources */ = {isa = PBXBuildFile; fileRef = DFB8D8E428D485FA00950D59 /* Assets.xcassets */; };
		DFB8D8E828D485FA00950D59 /* LaunchScreen.storyboard in Resources */ = {isa = PBXBuildFile; fileRef = DFB8D8E628D485FA00950D59 /* LaunchScreen.storyboard */; };
		DFD81D2028DC53F300C5D417 /* DataReader.swift in Sources */ = {isa = PBXBuildFile; fileRef = DFD81D1F28DC53F300C5D417 /* DataReader.swift */; };
		DFD81D2228DC5EA500C5D417 /* MallyaConnectionStatusPayload.swift in Sources */ = {isa = PBXBuildFile; fileRef = DFD81D2128DC5EA500C5D417 /* MallyaConnectionStatusPayload.swift */; };
		DFD81D2428DC637200C5D417 /* MallyaSessionSeedPayload.swift in Sources */ = {isa = PBXBuildFile; fileRef = DFD81D2328DC637200C5D417 /* MallyaSessionSeedPayload.swift */; };
		DFDACC1E28E15ADB00784DEF /* MallyaCurrentTimePayload.swift in Sources */ = {isa = PBXBuildFile; fileRef = DFDACC1D28E15ADB00784DEF /* MallyaCurrentTimePayload.swift */; };
		DFDACC2028E15DAF00784DEF /* MallyaPowerManagementPayload.swift in Sources */ = {isa = PBXBuildFile; fileRef = DFDACC1F28E15DAF00784DEF /* MallyaPowerManagementPayload.swift */; };
		DFDACC2A28E2D34300784DEF /* Flag.swift in Sources */ = {isa = PBXBuildFile; fileRef = DFDACC2928E2D34300784DEF /* Flag.swift */; };
		DFDACC2C28E2D50400784DEF /* MallyaMetaDataServiceUUID.swift in Sources */ = {isa = PBXBuildFile; fileRef = DFDACC2B28E2D50400784DEF /* MallyaMetaDataServiceUUID.swift */; };
		DFDACC2F28E2D53500784DEF /* MallyaServiceUUID.swift in Sources */ = {isa = PBXBuildFile; fileRef = DFDACC2E28E2D53500784DEF /* MallyaServiceUUID.swift */; };
		DFDACC3128E2D54900784DEF /* MallyaCharacteristicUUID.swift in Sources */ = {isa = PBXBuildFile; fileRef = DFDACC3028E2D54900784DEF /* MallyaCharacteristicUUID.swift */; };
		DFDACC3328E2D80600784DEF /* Payload.swift in Sources */ = {isa = PBXBuildFile; fileRef = DFDACC3228E2D80600784DEF /* Payload.swift */; };
		DFDACC3628E2DB2600784DEF /* AdvertisementDataKey.swift in Sources */ = {isa = PBXBuildFile; fileRef = DFDACC3528E2DB2600784DEF /* AdvertisementDataKey.swift */; };
		DFDACC3828E2DBF300784DEF /* MallyaAdvertisementData.swift in Sources */ = {isa = PBXBuildFile; fileRef = DFDACC3728E2DBF300784DEF /* MallyaAdvertisementData.swift */; };
/* End PBXBuildFile section */

/* Begin PBXFileReference section */
		DFB8D8D828D485F900950D59 /* FlexTouchDemo.app */ = {isa = PBXFileReference; explicitFileType = wrapper.application; includeInIndex = 0; path = FlexTouchDemo.app; sourceTree = BUILT_PRODUCTS_DIR; };
		DFB8D8DB28D485F900950D59 /* AppDelegate.swift */ = {isa = PBXFileReference; lastKnownFileType = sourcecode.swift; path = AppDelegate.swift; sourceTree = "<group>"; };
		DFB8D8DD28D485F900950D59 /* SceneDelegate.swift */ = {isa = PBXFileReference; lastKnownFileType = sourcecode.swift; path = SceneDelegate.swift; sourceTree = "<group>"; };
		DFB8D8DF28D485F900950D59 /* ViewController.swift */ = {isa = PBXFileReference; lastKnownFileType = sourcecode.swift; path = ViewController.swift; sourceTree = "<group>"; };
		DFB8D8E228D485F900950D59 /* Base */ = {isa = PBXFileReference; lastKnownFileType = file.storyboard; name = Base; path = Base.lproj/Main.storyboard; sourceTree = "<group>"; };
		DFB8D8E428D485FA00950D59 /* Assets.xcassets */ = {isa = PBXFileReference; lastKnownFileType = folder.assetcatalog; path = Assets.xcassets; sourceTree = "<group>"; };
		DFB8D8E728D485FA00950D59 /* Base */ = {isa = PBXFileReference; lastKnownFileType = file.storyboard; name = Base; path = Base.lproj/LaunchScreen.storyboard; sourceTree = "<group>"; };
		DFB8D8E928D485FA00950D59 /* Info.plist */ = {isa = PBXFileReference; lastKnownFileType = text.plist.xml; path = Info.plist; sourceTree = "<group>"; };
		DFD81D1F28DC53F300C5D417 /* DataReader.swift */ = {isa = PBXFileReference; lastKnownFileType = sourcecode.swift; path = DataReader.swift; sourceTree = "<group>"; };
		DFD81D2128DC5EA500C5D417 /* MallyaConnectionStatusPayload.swift */ = {isa = PBXFileReference; lastKnownFileType = sourcecode.swift; path = MallyaConnectionStatusPayload.swift; sourceTree = "<group>"; };
		DFD81D2328DC637200C5D417 /* MallyaSessionSeedPayload.swift */ = {isa = PBXFileReference; lastKnownFileType = sourcecode.swift; path = MallyaSessionSeedPayload.swift; sourceTree = "<group>"; };
		DFDACC1D28E15ADB00784DEF /* MallyaCurrentTimePayload.swift */ = {isa = PBXFileReference; lastKnownFileType = sourcecode.swift; path = MallyaCurrentTimePayload.swift; sourceTree = "<group>"; };
		DFDACC1F28E15DAF00784DEF /* MallyaPowerManagementPayload.swift */ = {isa = PBXFileReference; lastKnownFileType = sourcecode.swift; path = MallyaPowerManagementPayload.swift; sourceTree = "<group>"; };
		DFDACC2928E2D34300784DEF /* Flag.swift */ = {isa = PBXFileReference; lastKnownFileType = sourcecode.swift; path = Flag.swift; sourceTree = "<group>"; };
		DFDACC2B28E2D50400784DEF /* MallyaMetaDataServiceUUID.swift */ = {isa = PBXFileReference; lastKnownFileType = sourcecode.swift; path = MallyaMetaDataServiceUUID.swift; sourceTree = "<group>"; };
		DFDACC2E28E2D53500784DEF /* MallyaServiceUUID.swift */ = {isa = PBXFileReference; lastKnownFileType = sourcecode.swift; path = MallyaServiceUUID.swift; sourceTree = "<group>"; };
		DFDACC3028E2D54900784DEF /* MallyaCharacteristicUUID.swift */ = {isa = PBXFileReference; lastKnownFileType = sourcecode.swift; path = MallyaCharacteristicUUID.swift; sourceTree = "<group>"; };
		DFDACC3228E2D80600784DEF /* Payload.swift */ = {isa = PBXFileReference; lastKnownFileType = sourcecode.swift; path = Payload.swift; sourceTree = "<group>"; };
		DFDACC3528E2DB2600784DEF /* AdvertisementDataKey.swift */ = {isa = PBXFileReference; lastKnownFileType = sourcecode.swift; path = AdvertisementDataKey.swift; sourceTree = "<group>"; };
		DFDACC3728E2DBF300784DEF /* MallyaAdvertisementData.swift */ = {isa = PBXFileReference; lastKnownFileType = sourcecode.swift; path = MallyaAdvertisementData.swift; sourceTree = "<group>"; };
/* End PBXFileReference section */

/* Begin PBXFrameworksBuildPhase section */
		DFB8D8D528D485F900950D59 /* Frameworks */ = {
			isa = PBXFrameworksBuildPhase;
			buildActionMask = 2147483647;
			files = (
			);
			runOnlyForDeploymentPostprocessing = 0;
		};
/* End PBXFrameworksBuildPhase section */

/* Begin PBXGroup section */
		DFB8D8CF28D485F900950D59 = {
			isa = PBXGroup;
			children = (
				DFB8D8DA28D485F900950D59 /* FlexTouchDemo */,
				DFB8D8D928D485F900950D59 /* Products */,
			);
			sourceTree = "<group>";
		};
		DFB8D8D928D485F900950D59 /* Products */ = {
			isa = PBXGroup;
			children = (
				DFB8D8D828D485F900950D59 /* FlexTouchDemo.app */,
			);
			name = Products;
			sourceTree = "<group>";
		};
		DFB8D8DA28D485F900950D59 /* FlexTouchDemo */ = {
			isa = PBXGroup;
			children = (
				DFB8D8DB28D485F900950D59 /* AppDelegate.swift */,
				DFB8D8DD28D485F900950D59 /* SceneDelegate.swift */,
				DFB8D8DF28D485F900950D59 /* ViewController.swift */,
				DFDACC3928E2DBFE00784DEF /* Advertisement */,
				DFDACC2D28E2D51F00784DEF /* BluetoothUUID */,
				DFDACC3428E2D93900784DEF /* Payload */,
				DFDACC2628E2D12C00784DEF /* DataReader */,
				DFB8D8E128D485F900950D59 /* Main.storyboard */,
				DFB8D8E428D485FA00950D59 /* Assets.xcassets */,
				DFB8D8E628D485FA00950D59 /* LaunchScreen.storyboard */,
				DFB8D8E928D485FA00950D59 /* Info.plist */,
			);
			path = FlexTouchDemo;
			sourceTree = "<group>";
		};
		DFDACC2628E2D12C00784DEF /* DataReader */ = {
			isa = PBXGroup;
			children = (
				DFD81D1F28DC53F300C5D417 /* DataReader.swift */,
				DFDACC2928E2D34300784DEF /* Flag.swift */,
			);
			path = DataReader;
			sourceTree = "<group>";
		};
		DFDACC2D28E2D51F00784DEF /* BluetoothUUID */ = {
			isa = PBXGroup;
			children = (
				DFDACC2B28E2D50400784DEF /* MallyaMetaDataServiceUUID.swift */,
				DFDACC2E28E2D53500784DEF /* MallyaServiceUUID.swift */,
				DFDACC3028E2D54900784DEF /* MallyaCharacteristicUUID.swift */,
			);
			path = BluetoothUUID;
			sourceTree = "<group>";
		};
		DFDACC3428E2D93900784DEF /* Payload */ = {
			isa = PBXGroup;
			children = (
				DFDACC3228E2D80600784DEF /* Payload.swift */,
				DFD81D2128DC5EA500C5D417 /* MallyaConnectionStatusPayload.swift */,
				DFD81D2328DC637200C5D417 /* MallyaSessionSeedPayload.swift */,
				DFDACC1D28E15ADB00784DEF /* MallyaCurrentTimePayload.swift */,
				DFDACC1F28E15DAF00784DEF /* MallyaPowerManagementPayload.swift */,
			);
			path = Payload;
			sourceTree = "<group>";
		};
		DFDACC3928E2DBFE00784DEF /* Advertisement */ = {
			isa = PBXGroup;
			children = (
				DFDACC3528E2DB2600784DEF /* AdvertisementDataKey.swift */,
				DFDACC3728E2DBF300784DEF /* MallyaAdvertisementData.swift */,
			);
			path = Advertisement;
			sourceTree = "<group>";
		};
/* End PBXGroup section */

/* Begin PBXNativeTarget section */
		DFB8D8D728D485F900950D59 /* FlexTouchDemo */ = {
			isa = PBXNativeTarget;
			buildConfigurationList = DFB8D8EC28D485FA00950D59 /* Build configuration list for PBXNativeTarget "FlexTouchDemo" */;
			buildPhases = (
				DFB8D8D428D485F900950D59 /* Sources */,
				DFB8D8D528D485F900950D59 /* Frameworks */,
				DFB8D8D628D485F900950D59 /* Resources */,
			);
			buildRules = (
			);
			dependencies = (
			);
			name = FlexTouchDemo;
			productName = FlexTouchDemo;
			productReference = DFB8D8D828D485F900950D59 /* FlexTouchDemo.app */;
			productType = "com.apple.product-type.application";
		};
/* End PBXNativeTarget section */

/* Begin PBXProject section */
		DFB8D8D028D485F900950D59 /* Project object */ = {
			isa = PBXProject;
			attributes = {
				BuildIndependentTargetsInParallel = 1;
				LastSwiftUpdateCheck = 1340;
				LastUpgradeCheck = 1340;
				TargetAttributes = {
					DFB8D8D728D485F900950D59 = {
						CreatedOnToolsVersion = 13.4;
					};
				};
			};
			buildConfigurationList = DFB8D8D328D485F900950D59 /* Build configuration list for PBXProject "FlexTouchDemo" */;
			compatibilityVersion = "Xcode 13.0";
			developmentRegion = en;
			hasScannedForEncodings = 0;
			knownRegions = (
				en,
				Base,
			);
			mainGroup = DFB8D8CF28D485F900950D59;
			productRefGroup = DFB8D8D928D485F900950D59 /* Products */;
			projectDirPath = "";
			projectRoot = "";
			targets = (
				DFB8D8D728D485F900950D59 /* FlexTouchDemo */,
			);
		};
/* End PBXProject section */

/* Begin PBXResourcesBuildPhase section */
		DFB8D8D628D485F900950D59 /* Resources */ = {
			isa = PBXResourcesBuildPhase;
			buildActionMask = 2147483647;
			files = (
				DFB8D8E828D485FA00950D59 /* LaunchScreen.storyboard in Resources */,
				DFB8D8E528D485FA00950D59 /* Assets.xcassets in Resources */,
				DFB8D8E328D485F900950D59 /* Main.storyboard in Resources */,
			);
			runOnlyForDeploymentPostprocessing = 0;
		};
/* End PBXResourcesBuildPhase section */

/* Begin PBXSourcesBuildPhase section */
		DFB8D8D428D485F900950D59 /* Sources */ = {
			isa = PBXSourcesBuildPhase;
			buildActionMask = 2147483647;
			files = (
				DFD81D2028DC53F300C5D417 /* DataReader.swift in Sources */,
				DFDACC2A28E2D34300784DEF /* Flag.swift in Sources */,
				DFD81D2228DC5EA500C5D417 /* MallyaConnectionStatusPayload.swift in Sources */,
				DFDACC2028E15DAF00784DEF /* MallyaPowerManagementPayload.swift in Sources */,
				DFDACC3628E2DB2600784DEF /* AdvertisementDataKey.swift in Sources */,
				DFDACC3828E2DBF300784DEF /* MallyaAdvertisementData.swift in Sources */,
				DFB8D8E028D485F900950D59 /* ViewController.swift in Sources */,
				DFDACC3328E2D80600784DEF /* Payload.swift in Sources */,
				DFB8D8DC28D485F900950D59 /* AppDelegate.swift in Sources */,
				DFDACC3128E2D54900784DEF /* MallyaCharacteristicUUID.swift in Sources */,
				DFDACC2C28E2D50400784DEF /* MallyaMetaDataServiceUUID.swift in Sources */,
				DFDACC2F28E2D53500784DEF /* MallyaServiceUUID.swift in Sources */,
				DFD81D2428DC637200C5D417 /* MallyaSessionSeedPayload.swift in Sources */,
				DFDACC1E28E15ADB00784DEF /* MallyaCurrentTimePayload.swift in Sources */,
				DFB8D8DE28D485F900950D59 /* SceneDelegate.swift in Sources */,
			);
			runOnlyForDeploymentPostprocessing = 0;
		};
/* End PBXSourcesBuildPhase section */

/* Begin PBXVariantGroup section */
		DFB8D8E128D485F900950D59 /* Main.storyboard */ = {
			isa = PBXVariantGroup;
			children = (
				DFB8D8E228D485F900950D59 /* Base */,
			);
			name = Main.storyboard;
			sourceTree = "<group>";
		};
		DFB8D8E628D485FA00950D59 /* LaunchScreen.storyboard */ = {
			isa = PBXVariantGroup;
			children = (
				DFB8D8E728D485FA00950D59 /* Base */,
			);
			name = LaunchScreen.storyboard;
			sourceTree = "<group>";
		};
/* End PBXVariantGroup section */

/* Begin XCBuildConfiguration section */
		DFB8D8EA28D485FA00950D59 /* Debug */ = {
			isa = XCBuildConfiguration;
			buildSettings = {
				ALWAYS_SEARCH_USER_PATHS = NO;
				CLANG_ANALYZER_NONNULL = YES;
				CLANG_ANALYZER_NUMBER_OBJECT_CONVERSION = YES_AGGRESSIVE;
				CLANG_CXX_LANGUAGE_STANDARD = "gnu++17";
				CLANG_ENABLE_MODULES = YES;
				CLANG_ENABLE_OBJC_ARC = YES;
				CLANG_ENABLE_OBJC_WEAK = YES;
				CLANG_WARN_BLOCK_CAPTURE_AUTORELEASING = YES;
				CLANG_WARN_BOOL_CONVERSION = YES;
				CLANG_WARN_COMMA = YES;
				CLANG_WARN_CONSTANT_CONVERSION = YES;
				CLANG_WARN_DEPRECATED_OBJC_IMPLEMENTATIONS = YES;
				CLANG_WARN_DIRECT_OBJC_ISA_USAGE = YES_ERROR;
				CLANG_WARN_DOCUMENTATION_COMMENTS = YES;
				CLANG_WARN_EMPTY_BODY = YES;
				CLANG_WARN_ENUM_CONVERSION = YES;
				CLANG_WARN_INFINITE_RECURSION = YES;
				CLANG_WARN_INT_CONVERSION = YES;
				CLANG_WARN_NON_LITERAL_NULL_CONVERSION = YES;
				CLANG_WARN_OBJC_IMPLICIT_RETAIN_SELF = YES;
				CLANG_WARN_OBJC_LITERAL_CONVERSION = YES;
				CLANG_WARN_OBJC_ROOT_CLASS = YES_ERROR;
				CLANG_WARN_QUOTED_INCLUDE_IN_FRAMEWORK_HEADER = YES;
				CLANG_WARN_RANGE_LOOP_ANALYSIS = YES;
				CLANG_WARN_STRICT_PROTOTYPES = YES;
				CLANG_WARN_SUSPICIOUS_MOVE = YES;
				CLANG_WARN_UNGUARDED_AVAILABILITY = YES_AGGRESSIVE;
				CLANG_WARN_UNREACHABLE_CODE = YES;
				CLANG_WARN__DUPLICATE_METHOD_MATCH = YES;
				COPY_PHASE_STRIP = NO;
				DEBUG_INFORMATION_FORMAT = dwarf;
				ENABLE_STRICT_OBJC_MSGSEND = YES;
				ENABLE_TESTABILITY = YES;
				GCC_C_LANGUAGE_STANDARD = gnu11;
				GCC_DYNAMIC_NO_PIC = NO;
				GCC_NO_COMMON_BLOCKS = YES;
				GCC_OPTIMIZATION_LEVEL = 0;
				GCC_PREPROCESSOR_DEFINITIONS = (
					"DEBUG=1",
					"$(inherited)",
				);
				GCC_WARN_64_TO_32_BIT_CONVERSION = YES;
				GCC_WARN_ABOUT_RETURN_TYPE = YES_ERROR;
				GCC_WARN_UNDECLARED_SELECTOR = YES;
				GCC_WARN_UNINITIALIZED_AUTOS = YES_AGGRESSIVE;
				GCC_WARN_UNUSED_FUNCTION = YES;
				GCC_WARN_UNUSED_VARIABLE = YES;
				IPHONEOS_DEPLOYMENT_TARGET = 15.5;
				MTL_ENABLE_DEBUG_INFO = INCLUDE_SOURCE;
				MTL_FAST_MATH = YES;
				ONLY_ACTIVE_ARCH = YES;
				SDKROOT = iphoneos;
				SWIFT_ACTIVE_COMPILATION_CONDITIONS = DEBUG;
				SWIFT_OPTIMIZATION_LEVEL = "-Onone";
			};
			name = Debug;
		};
		DFB8D8EB28D485FA00950D59 /* Release */ = {
			isa = XCBuildConfiguration;
			buildSettings = {
				ALWAYS_SEARCH_USER_PATHS = NO;
				CLANG_ANALYZER_NONNULL = YES;
				CLANG_ANALYZER_NUMBER_OBJECT_CONVERSION = YES_AGGRESSIVE;
				CLANG_CXX_LANGUAGE_STANDARD = "gnu++17";
				CLANG_ENABLE_MODULES = YES;
				CLANG_ENABLE_OBJC_ARC = YES;
				CLANG_ENABLE_OBJC_WEAK = YES;
				CLANG_WARN_BLOCK_CAPTURE_AUTORELEASING = YES;
				CLANG_WARN_BOOL_CONVERSION = YES;
				CLANG_WARN_COMMA = YES;
				CLANG_WARN_CONSTANT_CONVERSION = YES;
				CLANG_WARN_DEPRECATED_OBJC_IMPLEMENTATIONS = YES;
				CLANG_WARN_DIRECT_OBJC_ISA_USAGE = YES_ERROR;
				CLANG_WARN_DOCUMENTATION_COMMENTS = YES;
				CLANG_WARN_EMPTY_BODY = YES;
				CLANG_WARN_ENUM_CONVERSION = YES;
				CLANG_WARN_INFINITE_RECURSION = YES;
				CLANG_WARN_INT_CONVERSION = YES;
				CLANG_WARN_NON_LITERAL_NULL_CONVERSION = YES;
				CLANG_WARN_OBJC_IMPLICIT_RETAIN_SELF = YES;
				CLANG_WARN_OBJC_LITERAL_CONVERSION = YES;
				CLANG_WARN_OBJC_ROOT_CLASS = YES_ERROR;
				CLANG_WARN_QUOTED_INCLUDE_IN_FRAMEWORK_HEADER = YES;
				CLANG_WARN_RANGE_LOOP_ANALYSIS = YES;
				CLANG_WARN_STRICT_PROTOTYPES = YES;
				CLANG_WARN_SUSPICIOUS_MOVE = YES;
				CLANG_WARN_UNGUARDED_AVAILABILITY = YES_AGGRESSIVE;
				CLANG_WARN_UNREACHABLE_CODE = YES;
				CLANG_WARN__DUPLICATE_METHOD_MATCH = YES;
				COPY_PHASE_STRIP = NO;
				DEBUG_INFORMATION_FORMAT = "dwarf-with-dsym";
				ENABLE_NS_ASSERTIONS = NO;
				ENABLE_STRICT_OBJC_MSGSEND = YES;
				GCC_C_LANGUAGE_STANDARD = gnu11;
				GCC_NO_COMMON_BLOCKS = YES;
				GCC_WARN_64_TO_32_BIT_CONVERSION = YES;
				GCC_WARN_ABOUT_RETURN_TYPE = YES_ERROR;
				GCC_WARN_UNDECLARED_SELECTOR = YES;
				GCC_WARN_UNINITIALIZED_AUTOS = YES_AGGRESSIVE;
				GCC_WARN_UNUSED_FUNCTION = YES;
				GCC_WARN_UNUSED_VARIABLE = YES;
				IPHONEOS_DEPLOYMENT_TARGET = 15.5;
				MTL_ENABLE_DEBUG_INFO = NO;
				MTL_FAST_MATH = YES;
				SDKROOT = iphoneos;
				SWIFT_COMPILATION_MODE = wholemodule;
				SWIFT_OPTIMIZATION_LEVEL = "-O";
				VALIDATE_PRODUCT = YES;
			};
			name = Release;
		};
		DFB8D8ED28D485FA00950D59 /* Debug */ = {
			isa = XCBuildConfiguration;
			buildSettings = {
				ASSETCATALOG_COMPILER_APPICON_NAME = AppIcon;
				ASSETCATALOG_COMPILER_GLOBAL_ACCENT_COLOR_NAME = AccentColor;
				CODE_SIGN_STYLE = Automatic;
				CURRENT_PROJECT_VERSION = 1;
				DEVELOPMENT_TEAM = 9TNVAWA2VV;
				GENERATE_INFOPLIST_FILE = YES;
				INFOPLIST_FILE = FlexTouchDemo/Info.plist;
				INFOPLIST_KEY_UIApplicationSupportsIndirectInputEvents = YES;
				INFOPLIST_KEY_UILaunchStoryboardName = LaunchScreen;
				INFOPLIST_KEY_UIMainStoryboardFile = Main;
				INFOPLIST_KEY_UISupportedInterfaceOrientations_iPad = "UIInterfaceOrientationPortrait UIInterfaceOrientationPortraitUpsideDown UIInterfaceOrientationLandscapeLeft UIInterfaceOrientationLandscapeRight";
				INFOPLIST_KEY_UISupportedInterfaceOrientations_iPhone = "UIInterfaceOrientationPortrait UIInterfaceOrientationLandscapeLeft UIInterfaceOrientationLandscapeRight";
				LD_RUNPATH_SEARCH_PATHS = (
					"$(inherited)",
					"@executable_path/Frameworks",
				);
				MARKETING_VERSION = 1.0;
				PRODUCT_BUNDLE_IDENTIFIER = com.h2sync.FlexTouchDemo;
				PRODUCT_NAME = "$(TARGET_NAME)";
				SWIFT_EMIT_LOC_STRINGS = YES;
				SWIFT_VERSION = 5.0;
				TARGETED_DEVICE_FAMILY = "1,2";
			};
			name = Debug;
		};
		DFB8D8EE28D485FA00950D59 /* Release */ = {
			isa = XCBuildConfiguration;
			buildSettings = {
				ASSETCATALOG_COMPILER_APPICON_NAME = AppIcon;
				ASSETCATALOG_COMPILER_GLOBAL_ACCENT_COLOR_NAME = AccentColor;
				CODE_SIGN_STYLE = Automatic;
				CURRENT_PROJECT_VERSION = 1;
				DEVELOPMENT_TEAM = 9TNVAWA2VV;
				GENERATE_INFOPLIST_FILE = YES;
				INFOPLIST_FILE = FlexTouchDemo/Info.plist;
				INFOPLIST_KEY_UIApplicationSupportsIndirectInputEvents = YES;
				INFOPLIST_KEY_UILaunchStoryboardName = LaunchScreen;
				INFOPLIST_KEY_UIMainStoryboardFile = Main;
				INFOPLIST_KEY_UISupportedInterfaceOrientations_iPad = "UIInterfaceOrientationPortrait UIInterfaceOrientationPortraitUpsideDown UIInterfaceOrientationLandscapeLeft UIInterfaceOrientationLandscapeRight";
				INFOPLIST_KEY_UISupportedInterfaceOrientations_iPhone = "UIInterfaceOrientationPortrait UIInterfaceOrientationLandscapeLeft UIInterfaceOrientationLandscapeRight";
				LD_RUNPATH_SEARCH_PATHS = (
					"$(inherited)",
					"@executable_path/Frameworks",
				);
				MARKETING_VERSION = 1.0;
				PRODUCT_BUNDLE_IDENTIFIER = com.h2sync.FlexTouchDemo;
				PRODUCT_NAME = "$(TARGET_NAME)";
				SWIFT_EMIT_LOC_STRINGS = YES;
				SWIFT_VERSION = 5.0;
				TARGETED_DEVICE_FAMILY = "1,2";
			};
			name = Release;
		};
/* End XCBuildConfiguration section */

/* Begin XCConfigurationList section */
		DFB8D8D328D485F900950D59 /* Build configuration list for PBXProject "FlexTouchDemo" */ = {
			isa = XCConfigurationList;
			buildConfigurations = (
				DFB8D8EA28D485FA00950D59 /* Debug */,
				DFB8D8EB28D485FA00950D59 /* Release */,
			);
			defaultConfigurationIsVisible = 0;
			defaultConfigurationName = Release;
		};
		DFB8D8EC28D485FA00950D59 /* Build configuration list for PBXNativeTarget "FlexTouchDemo" */ = {
			isa = XCConfigurationList;
			buildConfigurations = (
				DFB8D8ED28D485FA00950D59 /* Debug */,
				DFB8D8EE28D485FA00950D59 /* Release */,
			);
			defaultConfigurationIsVisible = 0;
			defaultConfigurationName = Release;
		};
/* End XCConfigurationList section */
	};
	rootObject = DFB8D8D028D485F900950D59 /* Project object */;
}
